
Microsoft Visual Studio Solution File, Format Version 12.00
# Visual Studio 14
VisualStudioVersion = 14.0.25123.0
MinimumVisualStudioVersion = 10.0.40219.1
Project("{2150E333-8FDC-42A3-9474-1A3956D46DE8}") = "src", "src", "{2CD26143-A127-48CB-908F-3F0AC73669CE}"
EndProject
Project("{2150E333-8FDC-42A3-9474-1A3956D46DE8}") = "Solution Items", "Solution Items", "{2AABCD10-A044-4BA7-A5EE-5B7B54809795}"
	ProjectSection(SolutionItems) = preProject
		global.json = global.json
	EndProjectSection
EndProject
Project("{8BB2217D-0F2D-49D1-97BC-3654ED321F3B}") = "StackExchange.Redis.Queue.Common", "src\StackExchange.Redis.Queue.Common\StackExchange.Redis.Queue.Common.xproj", "{9D2728F7-0F83-417A-A5F7-CB34190A4064}"
EndProject
Project("{8BB2217D-0F2D-49D1-97BC-3654ED321F3B}") = "StackExchange.Redis.Queue.Wrapper", "src\StackExchange.Redis.Queue.Wrapper\StackExchange.Redis.Queue.Wrapper.xproj", "{B7D18B37-95A9-48CD-984B-EEB6B5CBF63C}"
EndProject
Project("{2150E333-8FDC-42A3-9474-1A3956D46DE8}") = "test", "test", "{AA41B852-504C-4DFC-ADA7-8791730BCDBD}"
EndProject
Project("{8BB2217D-0F2D-49D1-97BC-3654ED321F3B}") = "Publisher", "Publisher\Publisher.xproj", "{97F36A2F-9D22-4E45-B33D-EF4B8A0CCE70}"
EndProject
Project("{8BB2217D-0F2D-49D1-97BC-3654ED321F3B}") = "Listener", "Listener\Listener.xproj", "{1A854998-AF6D-4410-BB41-023682DFC571}"
EndProject
Project("{8BB2217D-0F2D-49D1-97BC-3654ED321F3B}") = "StackExchange.Redis.Worker", "src\StackExchange.Redis.Worker\StackExchange.Redis.Worker.xproj", "{CA4D3731-3156-4FD8-9F86-010FBCF4257F}"
EndProject
Project("{8BB2217D-0F2D-49D1-97BC-3654ED321F3B}") = "StackExchange.Redis.Message.Common", "src\StackExchange.Redis.Message.Common\StackExchange.Redis.Message.Common.xproj", "{841500C4-4053-45C3-8E09-BF85B5667C39}"
EndProject
Global
	GlobalSection(SolutionConfigurationPlatforms) = preSolution
		Debug|Any CPU = Debug|Any CPU
		Release|Any CPU = Release|Any CPU
	EndGlobalSection
	GlobalSection(ProjectConfigurationPlatforms) = postSolution
		{9D2728F7-0F83-417A-A5F7-CB34190A4064}.Debug|Any CPU.ActiveCfg = Debug|Any CPU
		{9D2728F7-0F83-417A-A5F7-CB34190A4064}.Debug|Any CPU.Build.0 = Debug|Any CPU
		{9D2728F7-0F83-417A-A5F7-CB34190A4064}.Release|Any CPU.ActiveCfg = Release|Any CPU
		{9D2728F7-0F83-417A-A5F7-CB34190A4064}.Release|Any CPU.Build.0 = Release|Any CPU
		{B7D18B37-95A9-48CD-984B-EEB6B5CBF63C}.Debug|Any CPU.ActiveCfg = Debug|Any CPU
		{B7D18B37-95A9-48CD-984B-EEB6B5CBF63C}.Debug|Any CPU.Build.0 = Debug|Any CPU
		{B7D18B37-95A9-48CD-984B-EEB6B5CBF63C}.Release|Any CPU.ActiveCfg = Release|Any CPU
		{B7D18B37-95A9-48CD-984B-EEB6B5CBF63C}.Release|Any CPU.Build.0 = Release|Any CPU
		{97F36A2F-9D22-4E45-B33D-EF4B8A0CCE70}.Debug|Any CPU.ActiveCfg = Debug|Any CPU
		{97F36A2F-9D22-4E45-B33D-EF4B8A0CCE70}.Debug|Any CPU.Build.0 = Debug|Any CPU
		{97F36A2F-9D22-4E45-B33D-EF4B8A0CCE70}.Release|Any CPU.ActiveCfg = Release|Any CPU
		{97F36A2F-9D22-4E45-B33D-EF4B8A0CCE70}.Release|Any CPU.Build.0 = Release|Any CPU
		{1A854998-AF6D-4410-BB41-023682DFC571}.Debug|Any CPU.ActiveCfg = Debug|Any CPU
		{1A854998-AF6D-4410-BB41-023682DFC571}.Debug|Any CPU.Build.0 = Debug|Any CPU
		{1A854998-AF6D-4410-BB41-023682DFC571}.Release|Any CPU.ActiveCfg = Release|Any CPU
		{1A854998-AF6D-4410-BB41-023682DFC571}.Release|Any CPU.Build.0 = Release|Any CPU
		{CA4D3731-3156-4FD8-9F86-010FBCF4257F}.Debug|Any CPU.ActiveCfg = Debug|Any CPU
		{CA4D3731-3156-4FD8-9F86-010FBCF4257F}.Debug|Any CPU.Build.0 = Debug|Any CPU
		{CA4D3731-3156-4FD8-9F86-010FBCF4257F}.Release|Any CPU.ActiveCfg = Release|Any CPU
		{CA4D3731-3156-4FD8-9F86-010FBCF4257F}.Release|Any CPU.Build.0 = Release|Any CPU
		{841500C4-4053-45C3-8E09-BF85B5667C39}.Debug|Any CPU.ActiveCfg = Debug|Any CPU
		{841500C4-4053-45C3-8E09-BF85B5667C39}.Debug|Any CPU.Build.0 = Debug|Any CPU
		{841500C4-4053-45C3-8E09-BF85B5667C39}.Release|Any CPU.ActiveCfg = Release|Any CPU
		{841500C4-4053-45C3-8E09-BF85B5667C39}.Release|Any CPU.Build.0 = Release|Any CPU
	EndGlobalSection
	GlobalSection(SolutionProperties) = preSolution
		HideSolutionNode = FALSE
	EndGlobalSection
	GlobalSection(NestedProjects) = preSolution
		{9D2728F7-0F83-417A-A5F7-CB34190A4064} = {2CD26143-A127-48CB-908F-3F0AC73669CE}
		{B7D18B37-95A9-48CD-984B-EEB6B5CBF63C} = {2CD26143-A127-48CB-908F-3F0AC73669CE}
		{97F36A2F-9D22-4E45-B33D-EF4B8A0CCE70} = {AA41B852-504C-4DFC-ADA7-8791730BCDBD}
		{1A854998-AF6D-4410-BB41-023682DFC571} = {AA41B852-504C-4DFC-ADA7-8791730BCDBD}
		{CA4D3731-3156-4FD8-9F86-010FBCF4257F} = {2CD26143-A127-48CB-908F-3F0AC73669CE}
		{841500C4-4053-45C3-8E09-BF85B5667C39} = {2CD26143-A127-48CB-908F-3F0AC73669CE}
	EndGlobalSection
EndGlobal
